# This file is automatically @generated by Poetry 1.8.2 and should not be changed by hand.

[[package]]
name = "beautifulsoup4"
version = "4.13.3"
description = "Screen-scraping library"
optional = false
python-versions = ">=3.7.0"
files = [
    {file = "beautifulsoup4-4.13.3-py3-none-any.whl", hash = "sha256:99045d7d3f08f91f0d656bc9b7efbae189426cd913d830294a15eefa0ea4df16"},
    {file = "beautifulsoup4-4.13.3.tar.gz", hash = "sha256:1bd32405dacc920b42b83ba01644747ed77456a65760e285fbc47633ceddaf8b"},
]

[package.dependencies]
soupsieve = ">1.2"
typing-extensions = ">=4.0.0"

[package.extras]
cchardet = ["cchardet"]
chardet = ["chardet"]
charset-normalizer = ["charset-normalizer"]
html5lib = ["html5lib"]
lxml = ["lxml"]

[[package]]
name = "clang-format"
version = "20.1.0"
description = "Clang-Format is an LLVM-based code formatting tool"
optional = false
python-versions = "*"
files = [
    {file = "clang_format-20.1.0-py2.py3-none-macosx_10_9_x86_64.whl", hash = "sha256:1a023510c49a5c0bf9966263503b3af20f42ef6425d8f4a53141c41c58f84d25"},
    {file = "clang_format-20.1.0-py2.py3-none-macosx_11_0_arm64.whl", hash = "sha256:82b2a19e5b345fcf7d6bf478b5d48e242eb84d47ae04cb54ae0561464f812bcd"},
    {file = "clang_format-20.1.0-py2.py3-none-manylinux_2_17_aarch64.manylinux2014_aarch64.whl", hash = "sha256:e1cd4a018ea15a5f675158ab1468d4a2e827f8266fa56773916a5f294a32c51d"},
    {file = "clang_format-20.1.0-py2.py3-none-manylinux_2_17_i686.manylinux2014_i686.whl", hash = "sha256:c20b5be0d9347b5b3a2c4af67e3e9d7a7254a8a9fa7f17628639e2c0a3fea8e9"},
    {file = "clang_format-20.1.0-py2.py3-none-manylinux_2_17_ppc64le.manylinux2014_ppc64le.whl", hash = "sha256:48369361bf8bef60ca3aeee51c8d55821bb62228489c1a1155703a2634598df6"},
    {file = "clang_format-20.1.0-py2.py3-none-manylinux_2_17_s390x.manylinux2014_s390x.whl", hash = "sha256:934bc103f9cd3009ee7259ac54df08dbcef38d4c970c0171bc68517f67e4720f"},
    {file = "clang_format-20.1.0-py2.py3-none-manylinux_2_17_x86_64.manylinux2014_x86_64.whl", hash = "sha256:6d054c0a328926436262ba0e00b527059e14c7f65bf5bad5a8f82fbed680bd53"},
    {file = "clang_format-20.1.0-py2.py3-none-musllinux_1_2_aarch64.whl", hash = "sha256:5e5d6bc8d2f54d8e8058b93627468c571ce971c541cd3ea7751cd6d711eb5a19"},
    {file = "clang_format-20.1.0-py2.py3-none-musllinux_1_2_i686.whl", hash = "sha256:5a2dbe11203275627cea3286f018b4eee36670607b76b467f067132c8eb999d0"},
    {file = "clang_format-20.1.0-py2.py3-none-musllinux_1_2_ppc64le.whl", hash = "sha256:85599f9f2314d3a82c002362e1119d49726ef8dc2082497acfea2892e9a446f1"},
    {file = "clang_format-20.1.0-py2.py3-none-musllinux_1_2_s390x.whl", hash = "sha256:5413c54938d31673ae9c3043527ee4414e0b8980b89b8417bd9663bf18ab2010"},
    {file = "clang_format-20.1.0-py2.py3-none-musllinux_1_2_x86_64.whl", hash = "sha256:ca6410aacd5e7b827f9025a52ac01344ed5df58bd27adbce0d1564ea331919ea"},
    {file = "clang_format-20.1.0-py2.py3-none-win32.whl", hash = "sha256:700b32da1e03c485a53113b41693846e930c3066803e713064a1ff2797dbeba3"},
    {file = "clang_format-20.1.0-py2.py3-none-win_amd64.whl", hash = "sha256:ade5b45e2faadddbf3fabe93b65d04567ded59fb483708a8417bacc4a96d5bc3"},
    {file = "clang_format-20.1.0.tar.gz", hash = "sha256:dc4b094b4cd1824342b1f6f78f41d2c7f336df89e785b506fcd098d1d3f02d82"},
]

[[package]]
name = "html2text"
version = "2024.2.26"
description = "Turn HTML into equivalent Markdown-structured text."
optional = false
python-versions = ">=3.8"
files = [
    {file = "html2text-2024.2.26.tar.gz", hash = "sha256:05f8e367d15aaabc96415376776cdd11afd5127a77fce6e36afc60c563ca2c32"},
]

[[package]]
name = "soupsieve"
version = "2.6"
description = "A modern CSS selector implementation for Beautiful Soup."
optional = false
python-versions = ">=3.8"
files = [
    {file = "soupsieve-2.6-py3-none-any.whl", hash = "sha256:e72c4ff06e4fb6e4b5a9f0f55fe6e81514581fca1515028625d0f299c602ccc9"},
    {file = "soupsieve-2.6.tar.gz", hash = "sha256:e2e68417777af359ec65daac1057404a3c8a5455bb8abc36f1a9866ab1a51abb"},
]

[[package]]
name = "typing-extensions"
version = "4.12.2"
description = "Backported and Experimental Type Hints for Python 3.8+"
optional = false
python-versions = ">=3.8"
files = [
    {file = "typing_extensions-4.12.2-py3-none-any.whl", hash = "sha256:04e5ca0351e0f3f85c6853954072df659d0d13fac324d0072316b67d7794700d"},
    {file = "typing_extensions-4.12.2.tar.gz", hash = "sha256:1a7ead55c7e559dd4dee8856e3a88b41225abfe1ce8df57b7c13915fe121ffb8"},
]

[metadata]
lock-version = "2.0"
python-versions = "^3.12"
content-hash = "c297d3e35d6826ddffa850b40909edaa1539d5ebdb12515ae69c48c9dac057d3"
